
Microsoft Visual Studio Solution File, Format Version 12.00
# Visual Studio Version 16
VisualStudioVersion = 16.0.31205.134
MinimumVisualStudioVersion = 10.0.40219.1
Project("{FAE04EC0-301F-11D3-BF4B-00C04F79EFBC}") = "TestUnit", "TestUnit\TestUnit.csproj", "{08EE82CD-26DC-40D3-BA69-60DCB57550D6}"
EndProject
Global
	GlobalSection(SolutionConfigurationPlatforms) = preSolution
		Debug|Any CPU = Debug|Any CPU
		Release|Any CPU = Release|Any CPU
	EndGlobalSection
	GlobalSection(ProjectConfigurationPlatforms) = postSolution
		{08EE82CD-26DC-40D3-BA69-60DCB57550D6}.Debug|Any CPU.ActiveCfg = Debug|Any CPU
		{08EE82CD-26DC-40D3-BA69-60DCB57550D6}.Debug|Any CPU.Build.0 = Debug|Any CPU
		{08EE82CD-26DC-40D3-BA69-60DCB57550D6}.Release|Any CPU.ActiveCfg = Release|Any CPU
		{08EE82CD-26DC-40D3-BA69-60DCB57550D6}.Release|Any CPU.Build.0 = Release|Any CPU
	EndGlobalSection
	GlobalSection(SolutionProperties) = preSolution
		HideSolutionNode = FALSE
	EndGlobalSection
	GlobalSection(ExtensibilityGlobals) = postSolution
		SolutionGuid = {515D0858-3C70-4AC6-9F13-F8344286A342}
	EndGlobalSection
EndGlobal
